// !$*UTF8*$!
{
	archiveVersion = 1;
	classes = {
	};
	objectVersion = 56;
	objects = {

/* Begin PBXBuildFile section */
		03B27639169319CA001DA677 /* AppDelegate.m in Sources */ = {isa = PBXBuildFile; fileRef = 03B27638169319CA001DA677 /* AppDelegate.m */; };
		03B2763C169319CA001DA677 /* SceneDelegate.m in Sources */ = {isa = PBXBuildFile; fileRef = 03B2763B169319CA001DA677 /* SceneDelegate.m */; };
		03B2763F169319CA001DA677 /* ViewController.m in Sources */ = {isa = PBXBuildFile; fileRef = 03B2763E169319CA001DA677 /* ViewController.m */; };
		03B27642169319CA001DA677 /* Main.storyboard in Resources */ = {isa = PBXBuildFile; fileRef = 03B27640169319CA001DA677 /* Main.storyboard */; };
		03B27644169319CC001DA677 /* Assets.xcassets in Resources */ = {isa = PBXBuildFile; fileRef = 03B27643169319CC001DA677 /* Assets.xcassets */; };
		03B27647169319CC001DA677 /* LaunchScreen.storyboard in Resources */ = {isa = PBXBuildFile; fileRef = 03B27645169319CC001DA677 /* LaunchScreen.storyboard */; };
		03B2764A169319CC001DA677 /* main.m in Sources */ = {isa = PBXBuildFile; fileRef = 03B27649169319CC001DA677 /* main.m */; };
		03B27654169319CC001DA677 /* Calculator2Tests.m in Sources */ = {isa = PBXBuildFile; fileRef = 03B27653169319CC001DA677 /* Calculator2Tests.m */; };
		03B2765E169319CC001DA677 /* Calculator2UITests.m in Sources */ = {isa = PBXBuildFile; fileRef = 03B2765D169319CC001DA677 /* Calculator2UITests.m */; };
		03B27660169319CC001DA677 /* Calculator2UITestsLaunchTests.m in Sources */ = {isa = PBXBuildFile; fileRef = 03B2765F169319CC001DA677 /* Calculator2UITestsLaunchTests.m */; };
/* End PBXBuildFile section */

/* Begin PBXContainerItemProxy section */
		03B27650169319CC001DA677 /* PBXContainerItemProxy */ = {
			isa = PBXContainerItemProxy;
			containerPortal = 03B2762C169319C9001DA677 /* Project object */;
			proxyType = 1;
			remoteGlobalIDString = 03B27633169319CA001DA677;
			remoteInfo = Calculator2;
		};
		03B2765A169319CC001DA677 /* PBXContainerItemProxy */ = {
			isa = PBXContainerItemProxy;
			containerPortal = 03B2762C169319C9001DA677 /* Project object */;
			proxyType = 1;
			remoteGlobalIDString = 03B27633169319CA001DA677;
			remoteInfo = Calculator2;
		};
/* End PBXContainerItemProxy section */

/* Begin PBXFileReference section */
		03B27634169319CA001DA677 /* Calculator2.app */ = {isa = PBXFileReference; explicitFileType = wrapper.application; includeInIndex = 0; path = Calculator2.app; sourceTree = BUILT_PRODUCTS_DIR; };
		03B27637169319CA001DA677 /* AppDelegate.h */ = {isa = PBXFileReference; lastKnownFileType = sourcecode.c.h; path = AppDelegate.h; sourceTree = "<group>"; };
		03B27638169319CA001DA677 /* AppDelegate.m */ = {isa = PBXFileReference; lastKnownFileType = sourcecode.c.objc; path = AppDelegate.m; sourceTree = "<group>"; };
		03B2763A169319CA001DA677 /* SceneDelegate.h */ = {isa = PBXFileReference; lastKnownFileType = sourcecode.c.h; path = SceneDelegate.h; sourceTree = "<group>"; };
		03B2763B169319CA001DA677 /* SceneDelegate.m */ = {isa = PBXFileReference; lastKnownFileType = sourcecode.c.objc; path = SceneDelegate.m; sourceTree = "<group>"; };
		03B2763D169319CA001DA677 /* ViewController.h */ = {isa = PBXFileReference; lastKnownFileType = sourcecode.c.h; path = ViewController.h; sourceTree = "<group>"; };
		03B2763E169319CA001DA677 /* ViewController.m */ = {isa = PBXFileReference; lastKnownFileType = sourcecode.c.objc; path = ViewController.m; sourceTree = "<group>"; };
		03B27641169319CA001DA677 /* Base */ = {isa = PBXFileReference; lastKnownFileType = file.storyboard; name = Base; path = Base.lproj/Main.storyboard; sourceTree = "<group>"; };
		03B27643169319CC001DA677 /* Assets.xcassets */ = {isa = PBXFileReference; lastKnownFileType = folder.assetcatalog; path = Assets.xcassets; sourceTree = "<group>"; };
		03B27646169319CC001DA677 /* Base */ = {isa = PBXFileReference; lastKnownFileType = file.storyboard; name = Base; path = Base.lproj/LaunchScreen.storyboard; sourceTree = "<group>"; };
		03B27648169319CC001DA677 /* Info.plist */ = {isa = PBXFileReference; lastKnownFileType = text.plist.xml; path = Info.plist; sourceTree = "<group>"; };
		03B27649169319CC001DA677 /* main.m */ = {isa = PBXFileReference; lastKnownFileType = sourcecode.c.objc; path = main.m; sourceTree = "<group>"; };
		03B2764F169319CC001DA677 /* Calculator2Tests.xctest */ = {isa = PBXFileReference; explicitFileType = wrapper.cfbundle; includeInIndex = 0; path = Calculator2Tests.xctest; sourceTree = BUILT_PRODUCTS_DIR; };
		03B27653169319CC001DA677 /* Calculator2Tests.m */ = {isa = PBXFileReference; lastKnownFileType = sourcecode.c.objc; path = Calculator2Tests.m; sourceTree = "<group>"; };
		03B27659169319CC001DA677 /* Calculator2UITests.xctest */ = {isa = PBXFileReference; explicitFileType = wrapper.cfbundle; includeInIndex = 0; path = Calculator2UITests.xctest; sourceTree = BUILT_PRODUCTS_DIR; };
		03B2765D169319CC001DA677 /* Calculator2UITests.m */ = {isa = PBXFileReference; lastKnownFileType = sourcecode.c.objc; path = Calculator2UITests.m; sourceTree = "<group>"; };
		03B2765F169319CC001DA677 /* Calculator2UITestsLaunchTests.m */ = {isa = PBXFileReference; lastKnownFileType = sourcecode.c.objc; path = Calculator2UITestsLaunchTests.m; sourceTree = "<group>"; };
/* End PBXFileReference section */

/* Begin PBXFrameworksBuildPhase section */
		03B27631169319CA001DA677 /* Frameworks */ = {
			isa = PBXFrameworksBuildPhase;
			buildActionMask = 2147483647;
			files = (
			);
			runOnlyForDeploymentPostprocessing = 0;
		};
		03B2764C169319CC001DA677 /* Frameworks */ = {
			isa = PBXFrameworksBuildPhase;
			buildActionMask = 2147483647;
			files = (
			);
			runOnlyForDeploymentPostprocessing = 0;
		};
		03B27656169319CC001DA677 /* Frameworks */ = {
			isa = PBXFrameworksBuildPhase;
			buildActionMask = 2147483647;
			files = (
			);
			runOnlyForDeploymentPostprocessing = 0;
		};
/* End PBXFrameworksBuildPhase section */

/* Begin PBXGroup section */
		03B2762B169319C9001DA677 = {
			isa = PBXGroup;
			children = (
				03B27636169319CA001DA677 /* Calculator2 */,
				03B27652169319CC001DA677 /* Calculator2Tests */,
				03B2765C169319CC001DA677 /* Calculator2UITests */,
				03B27635169319CA001DA677 /* Products */,
			);
			sourceTree = "<group>";
		};
		03B27635169319CA001DA677 /* Products */ = {
			isa = PBXGroup;
			children = (
				03B27634169319CA001DA677 /* Calculator2.app */,
				03B2764F169319CC001DA677 /* Calculator2Tests.xctest */,
				03B27659169319CC001DA677 /* Calculator2UITests.xctest */,
			);
			name = Products;
			sourceTree = "<group>";
		};
		03B27636169319CA001DA677 /* Calculator2 */ = {
			isa = PBXGroup;
			children = (
				03B27637169319CA001DA677 /* AppDelegate.h */,
				03B27638169319CA001DA677 /* AppDelegate.m */,
				03B2763A169319CA001DA677 /* SceneDelegate.h */,
				03B2763B169319CA001DA677 /* SceneDelegate.m */,
				03B2763D169319CA001DA677 /* ViewController.h */,
				03B2763E169319CA001DA677 /* ViewController.m */,
				03B27640169319CA001DA677 /* Main.storyboard */,
				03B27643169319CC001DA677 /* Assets.xcassets */,
				03B27645169319CC001DA677 /* LaunchScreen.storyboard */,
				03B27648169319CC001DA677 /* Info.plist */,
				03B27649169319CC001DA677 /* main.m */,
			);
			path = Calculator2;
			sourceTree = "<group>";
		};
		03B27652169319CC001DA677 /* Calculator2Tests */ = {
			isa = PBXGroup;
			children = (
				03B27653169319CC001DA677 /* Calculator2Tests.m */,
			);
			path = Calculator2Tests;
			sourceTree = "<group>";
		};
		03B2765C169319CC001DA677 /* Calculator2UITests */ = {
			isa = PBXGroup;
			children = (
				03B2765D169319CC001DA677 /* Calculator2UITests.m */,
				03B2765F169319CC001DA677 /* Calculator2UITestsLaunchTests.m */,
			);
			path = Calculator2UITests;
			sourceTree = "<group>";
		};
/* End PBXGroup section */

/* Begin PBXNativeTarget section */
		03B27633169319CA001DA677 /* Calculator2 */ = {
			isa = PBXNativeTarget;
			buildConfigurationList = 03B27663169319CC001DA677 /* Build configuration list for PBXNativeTarget "Calculator2" */;
			buildPhases = (
				03B27630169319CA001DA677 /* Sources */,
				03B27631169319CA001DA677 /* Frameworks */,
				03B27632169319CA001DA677 /* Resources */,
			);
			buildRules = (
			);
			dependencies = (
			);
			name = Calculator2;
			productName = Calculator2;
			productReference = 03B27634169319CA001DA677 /* Calculator2.app */;
			productType = "com.apple.product-type.application";
		};
		03B2764E169319CC001DA677 /* Calculator2Tests */ = {
			isa = PBXNativeTarget;
			buildConfigurationList = 03B27666169319CC001DA677 /* Build configuration list for PBXNativeTarget "Calculator2Tests" */;
			buildPhases = (
				03B2764B169319CC001DA677 /* Sources */,
				03B2764C169319CC001DA677 /* Frameworks */,
				03B2764D169319CC001DA677 /* Resources */,
			);
			buildRules = (
			);
			dependencies = (
				03B27651169319CC001DA677 /* PBXTargetDependency */,
			);
			name = Calculator2Tests;
			productName = Calculator2Tests;
			productReference = 03B2764F169319CC001DA677 /* Calculator2Tests.xctest */;
			productType = "com.apple.product-type.bundle.unit-test";
		};
		03B27658169319CC001DA677 /* Calculator2UITests */ = {
			isa = PBXNativeTarget;
			buildConfigurationList = 03B27669169319CC001DA677 /* Build configuration list for PBXNativeTarget "Calculator2UITests" */;
			buildPhases = (
				03B27655169319CC001DA677 /* Sources */,
				03B27656169319CC001DA677 /* Frameworks */,
				03B27657169319CC001DA677 /* Resources */,
			);
			buildRules = (
			);
			dependencies = (
				03B2765B169319CC001DA677 /* PBXTargetDependency */,
			);
			name = Calculator2UITests;
			productName = Calculator2UITests;
			productReference = 03B27659169319CC001DA677 /* Calculator2UITests.xctest */;
			productType = "com.apple.product-type.bundle.ui-testing";
		};
/* End PBXNativeTarget section */

/* Begin PBXProject section */
		03B2762C169319C9001DA677 /* Project object */ = {
			isa = PBXProject;
			attributes = {
				BuildIndependentTargetsInParallel = 1;
				LastUpgradeCheck = 1420;
				TargetAttributes = {
					03B27633169319CA001DA677 = {
						CreatedOnToolsVersion = 14.2;
					};
					03B2764E169319CC001DA677 = {
						CreatedOnToolsVersion = 14.2;
						TestTargetID = 03B27633169319CA001DA677;
					};
					03B27658169319CC001DA677 = {
						CreatedOnToolsVersion = 14.2;
						TestTargetID = 03B27633169319CA001DA677;
					};
				};
			};
			buildConfigurationList = 03B2762F169319C9001DA677 /* Build configuration list for PBXProject "Calculator2" */;
			compatibilityVersion = "Xcode 14.0";
			developmentRegion = en;
			hasScannedForEncodings = 0;
			knownRegions = (
				en,
				Base,
			);
			mainGroup = 03B2762B169319C9001DA677;
			productRefGroup = 03B27635169319CA001DA677 /* Products */;
			projectDirPath = "";
			projectRoot = "";
			targets = (
				03B27633169319CA001DA677 /* Calculator2 */,
				03B2764E169319CC001DA677 /* Calculator2Tests */,
				03B27658169319CC001DA677 /* Calculator2UITests */,
			);
		};
/* End PBXProject section */

/* Begin PBXResourcesBuildPhase section */
		03B27632169319CA001DA677 /* Resources */ = {
			isa = PBXResourcesBuildPhase;
			buildActionMask = 2147483647;
			files = (
				03B27647169319CC001DA677 /* LaunchScreen.storyboard in Resources */,
				03B27644169319CC001DA677 /* Assets.xcassets in Resources */,
				03B27642169319CA001DA677 /* Main.storyboard in Resources */,
			);
			runOnlyForDeploymentPostprocessing = 0;
		};
		03B2764D169319CC001DA677 /* Resources */ = {
			isa = PBXResourcesBuildPhase;
			buildActionMask = 2147483647;
			files = (
			);
			runOnlyForDeploymentPostprocessing = 0;
		};
		03B27657169319CC001DA677 /* Resources */ = {
			isa = PBXResourcesBuildPhase;
			buildActionMask = 2147483647;
			files = (
			);
			runOnlyForDeploymentPostprocessing = 0;
		};
/* End PBXResourcesBuildPhase section */

/* Begin PBXSourcesBuildPhase section */
		03B27630169319CA001DA677 /* Sources */ = {
			isa = PBXSourcesBuildPhase;
			buildActionMask = 2147483647;
			files = (
				03B2763F169319CA001DA677 /* ViewController.m in Sources */,
				03B27639169319CA001DA677 /* AppDelegate.m in Sources */,
				03B2764A169319CC001DA677 /* main.m in Sources */,
				03B2763C169319CA001DA677 /* SceneDelegate.m in Sources */,
			);
			runOnlyForDeploymentPostprocessing = 0;
		};
		03B2764B169319CC001DA677 /* Sources */ = {
			isa = PBXSourcesBuildPhase;
			buildActionMask = 2147483647;
			files = (
				03B27654169319CC001DA677 /* Calculator2Tests.m in Sources */,
			);
			runOnlyForDeploymentPostprocessing = 0;
		};
		03B27655169319CC001DA677 /* Sources */ = {
			isa = PBXSourcesBuildPhase;
			buildActionMask = 2147483647;
			files = (
				03B2765E169319CC001DA677 /* Calculator2UITests.m in Sources */,
				03B27660169319CC001DA677 /* Calculator2UITestsLaunchTests.m in Sources */,
			);
			runOnlyForDeploymentPostprocessing = 0;
		};
/* End PBXSourcesBuildPhase section */

/* Begin PBXTargetDependency section */
		03B27651169319CC001DA677 /* PBXTargetDependency */ = {
			isa = PBXTargetDependency;
			target = 03B27633169319CA001DA677 /* Calculator2 */;
			targetProxy = 03B27650169319CC001DA677 /* PBXContainerItemProxy */;
		};
		03B2765B169319CC001DA677 /* PBXTargetDependency */ = {
			isa = PBXTargetDependency;
			target = 03B27633169319CA001DA677 /* Calculator2 */;
			targetProxy = 03B2765A169319CC001DA677 /* PBXContainerItemProxy */;
		};
/* End PBXTargetDependency section */

/* Begin PBXVariantGroup section */
		03B27640169319CA001DA677 /* Main.storyboard */ = {
			isa = PBXVariantGroup;
			children = (
				03B27641169319CA001DA677 /* Base */,
			);
			name = Main.storyboard;
			sourceTree = "<group>";
		};
		03B27645169319CC001DA677 /* LaunchScreen.storyboard */ = {
			isa = PBXVariantGroup;
			children = (
				03B27646169319CC001DA677 /* Base */,
			);
			name = LaunchScreen.storyboard;
			sourceTree = "<group>";
		};
/* End PBXVariantGroup section */

/* Begin XCBuildConfiguration section */
		03B27661169319CC001DA677 /* Debug */ = {
			isa = XCBuildConfiguration;
			buildSettings = {
				ALWAYS_SEARCH_USER_PATHS = NO;
				CLANG_ANALYZER_NONNULL = YES;
				CLANG_ANALYZER_NUMBER_OBJECT_CONVERSION = YES_AGGRESSIVE;
				CLANG_CXX_LANGUAGE_STANDARD = "gnu++20";
				CLANG_ENABLE_MODULES = YES;
				CLANG_ENABLE_OBJC_ARC = YES;
				CLANG_ENABLE_OBJC_WEAK = YES;
				CLANG_WARN_BLOCK_CAPTURE_AUTORELEASING = YES;
				CLANG_WARN_BOOL_CONVERSION = YES;
				CLANG_WARN_COMMA = YES;
				CLANG_WARN_CONSTANT_CONVERSION = YES;
				CLANG_WARN_DEPRECATED_OBJC_IMPLEMENTATIONS = YES;
				CLANG_WARN_DIRECT_OBJC_ISA_USAGE = YES_ERROR;
				CLANG_WARN_DOCUMENTATION_COMMENTS = YES;
				CLANG_WARN_EMPTY_BODY = YES;
				CLANG_WARN_ENUM_CONVERSION = YES;
				CLANG_WARN_INFINITE_RECURSION = YES;
				CLANG_WARN_INT_CONVERSION = YES;
				CLANG_WARN_NON_LITERAL_NULL_CONVERSION = YES;
				CLANG_WARN_OBJC_IMPLICIT_RETAIN_SELF = YES;
				CLANG_WARN_OBJC_LITERAL_CONVERSION = YES;
				CLANG_WARN_OBJC_ROOT_CLASS = YES_ERROR;
				CLANG_WARN_QUOTED_INCLUDE_IN_FRAMEWORK_HEADER = YES;
				CLANG_WARN_RANGE_LOOP_ANALYSIS = YES;
				CLANG_WARN_STRICT_PROTOTYPES = YES;
				CLANG_WARN_SUSPICIOUS_MOVE = YES;
				CLANG_WARN_UNGUARDED_AVAILABILITY = YES_AGGRESSIVE;
				CLANG_WARN_UNREACHABLE_CODE = YES;
				CLANG_WARN__DUPLICATE_METHOD_MATCH = YES;
				COPY_PHASE_STRIP = NO;
				DEBUG_INFORMATION_FORMAT = dwarf;
				ENABLE_STRICT_OBJC_MSGSEND = YES;
				ENABLE_TESTABILITY = YES;
				GCC_C_LANGUAGE_STANDARD = gnu11;
				GCC_DYNAMIC_NO_PIC = NO;
				GCC_NO_COMMON_BLOCKS = YES;
				GCC_OPTIMIZATION_LEVEL = 0;
				GCC_PREPROCESSOR_DEFINITIONS = (
					"DEBUG=1",
					"$(inherited)",
				);
				GCC_WARN_64_TO_32_BIT_CONVERSION = YES;
				GCC_WARN_ABOUT_RETURN_TYPE = YES_ERROR;
				GCC_WARN_UNDECLARED_SELECTOR = YES;
				GCC_WARN_UNINITIALIZED_AUTOS = YES_AGGRESSIVE;
				GCC_WARN_UNUSED_FUNCTION = YES;
				GCC_WARN_UNUSED_VARIABLE = YES;
				IPHONEOS_DEPLOYMENT_TARGET = 16.2;
				MTL_ENABLE_DEBUG_INFO = INCLUDE_SOURCE;
				MTL_FAST_MATH = YES;
				ONLY_ACTIVE_ARCH = YES;
				SDKROOT = iphoneos;
			};
			name = Debug;
		};
		03B27662169319CC001DA677 /* Release */ = {
			isa = XCBuildConfiguration;
			buildSettings = {
				ALWAYS_SEARCH_USER_PATHS = NO;
				CLANG_ANALYZER_NONNULL = YES;
				CLANG_ANALYZER_NUMBER_OBJECT_CONVERSION = YES_AGGRESSIVE;
				CLANG_CXX_LANGUAGE_STANDARD = "gnu++20";
				CLANG_ENABLE_MODULES = YES;
				CLANG_ENABLE_OBJC_ARC = YES;
				CLANG_ENABLE_OBJC_WEAK = YES;
				CLANG_WARN_BLOCK_CAPTURE_AUTORELEASING = YES;
				CLANG_WARN_BOOL_CONVERSION = YES;
				CLANG_WARN_COMMA = YES;
				CLANG_WARN_CONSTANT_CONVERSION = YES;
				CLANG_WARN_DEPRECATED_OBJC_IMPLEMENTATIONS = YES;
				CLANG_WARN_DIRECT_OBJC_ISA_USAGE = YES_ERROR;
				CLANG_WARN_DOCUMENTATION_COMMENTS = YES;
				CLANG_WARN_EMPTY_BODY = YES;
				CLANG_WARN_ENUM_CONVERSION = YES;
				CLANG_WARN_INFINITE_RECURSION = YES;
				CLANG_WARN_INT_CONVERSION = YES;
				CLANG_WARN_NON_LITERAL_NULL_CONVERSION = YES;
				CLANG_WARN_OBJC_IMPLICIT_RETAIN_SELF = YES;
				CLANG_WARN_OBJC_LITERAL_CONVERSION = YES;
				CLANG_WARN_OBJC_ROOT_CLASS = YES_ERROR;
				CLANG_WARN_QUOTED_INCLUDE_IN_FRAMEWORK_HEADER = YES;
				CLANG_WARN_RANGE_LOOP_ANALYSIS = YES;
				CLANG_WARN_STRICT_PROTOTYPES = YES;
				CLANG_WARN_SUSPICIOUS_MOVE = YES;
				CLANG_WARN_UNGUARDED_AVAILABILITY = YES_AGGRESSIVE;
				CLANG_WARN_UNREACHABLE_CODE = YES;
				CLANG_WARN__DUPLICATE_METHOD_MATCH = YES;
				COPY_PHASE_STRIP = NO;
				DEBUG_INFORMATION_FORMAT = "dwarf-with-dsym";
				ENABLE_NS_ASSERTIONS = NO;
				ENABLE_STRICT_OBJC_MSGSEND = YES;
				GCC_C_LANGUAGE_STANDARD = gnu11;
				GCC_NO_COMMON_BLOCKS = YES;
				GCC_WARN_64_TO_32_BIT_CONVERSION = YES;
				GCC_WARN_ABOUT_RETURN_TYPE = YES_ERROR;
				GCC_WARN_UNDECLARED_SELECTOR = YES;
				GCC_WARN_UNINITIALIZED_AUTOS = YES_AGGRESSIVE;
				GCC_WARN_UNUSED_FUNCTION = YES;
				GCC_WARN_UNUSED_VARIABLE = YES;
				IPHONEOS_DEPLOYMENT_TARGET = 16.2;
				MTL_ENABLE_DEBUG_INFO = NO;
				MTL_FAST_MATH = YES;
				SDKROOT = iphoneos;
				VALIDATE_PRODUCT = YES;
			};
			name = Release;
		};
		03B27664169319CC001DA677 /* Debug */ = {
			isa = XCBuildConfiguration;
			buildSettings = {
				ASSETCATALOG_COMPILER_APPICON_NAME = AppIcon;
				ASSETCATALOG_COMPILER_GLOBAL_ACCENT_COLOR_NAME = AccentColor;
				CODE_SIGN_STYLE = Automatic;
				CURRENT_PROJECT_VERSION = 1;
				GENERATE_INFOPLIST_FILE = YES;
				INFOPLIST_FILE = Calculator2/Info.plist;
				INFOPLIST_KEY_UIApplicationSupportsIndirectInputEvents = YES;
				INFOPLIST_KEY_UILaunchStoryboardName = LaunchScreen;
				INFOPLIST_KEY_UIMainStoryboardFile = Main;
				INFOPLIST_KEY_UISupportedInterfaceOrientations_iPad = "UIInterfaceOrientationPortrait UIInterfaceOrientationPortraitUpsideDown UIInterfaceOrientationLandscapeLeft UIInterfaceOrientationLandscapeRight";
				INFOPLIST_KEY_UISupportedInterfaceOrientations_iPhone = "UIInterfaceOrientationPortrait UIInterfaceOrientationLandscapeLeft UIInterfaceOrientationLandscapeRight";
				LD_RUNPATH_SEARCH_PATHS = (
					"$(inherited)",
					"@executable_path/Frameworks",
				);
				MARKETING_VERSION = 1.0;
				PRODUCT_BUNDLE_IDENTIFIER = ITI.Calculator2;
				PRODUCT_NAME = "$(TARGET_NAME)";
				SWIFT_EMIT_LOC_STRINGS = YES;
				TARGETED_DEVICE_FAMILY = "1,2";
			};
			name = Debug;
		};
		03B27665169319CC001DA677 /* Release */ = {
			isa = XCBuildConfiguration;
			buildSettings = {
				ASSETCATALOG_COMPILER_APPICON_NAME = AppIcon;
				ASSETCATALOG_COMPILER_GLOBAL_ACCENT_COLOR_NAME = AccentColor;
				CODE_SIGN_STYLE = Automatic;
				CURRENT_PROJECT_VERSION = 1;
				GENERATE_INFOPLIST_FILE = YES;
				INFOPLIST_FILE = Calculator2/Info.plist;
				INFOPLIST_KEY_UIApplicationSupportsIndirectInputEvents = YES;
				INFOPLIST_KEY_UILaunchStoryboardName = LaunchScreen;
				INFOPLIST_KEY_UIMainStoryboardFile = Main;
				INFOPLIST_KEY_UISupportedInterfaceOrientations_iPad = "UIInterfaceOrientationPortrait UIInterfaceOrientationPortraitUpsideDown UIInterfaceOrientationLandscapeLeft UIInterfaceOrientationLandscapeRight";
				INFOPLIST_KEY_UISupportedInterfaceOrientations_iPhone = "UIInterfaceOrientationPortrait UIInterfaceOrientationLandscapeLeft UIInterfaceOrientationLandscapeRight";
				LD_RUNPATH_SEARCH_PATHS = (
					"$(inherited)",
					"@executable_path/Frameworks",
				);
				MARKETING_VERSION = 1.0;
				PRODUCT_BUNDLE_IDENTIFIER = ITI.Calculator2;
				PRODUCT_NAME = "$(TARGET_NAME)";
				SWIFT_EMIT_LOC_STRINGS = YES;
				TARGETED_DEVICE_FAMILY = "1,2";
			};
			name = Release;
		};
		03B27667169319CC001DA677 /* Debug */ = {
			isa = XCBuildConfiguration;
			buildSettings = {
				BUNDLE_LOADER = "$(TEST_HOST)";
				CODE_SIGN_STYLE = Automatic;
				CURRENT_PROJECT_VERSION = 1;
				GENERATE_INFOPLIST_FILE = YES;
				IPHONEOS_DEPLOYMENT_TARGET = 16.2;
				MARKETING_VERSION = 1.0;
				PRODUCT_BUNDLE_IDENTIFIER = ITI.Calculator2Tests;
				PRODUCT_NAME = "$(TARGET_NAME)";
				SWIFT_EMIT_LOC_STRINGS = NO;
				TARGETED_DEVICE_FAMILY = "1,2";
				TEST_HOST = "$(BUILT_PRODUCTS_DIR)/Calculator2.app/$(BUNDLE_EXECUTABLE_FOLDER_PATH)/Calculator2";
			};
			name = Debug;
		};
		03B27668169319CC001DA677 /* Release */ = {
			isa = XCBuildConfiguration;
			buildSettings = {
				BUNDLE_LOADER = "$(TEST_HOST)";
				CODE_SIGN_STYLE = Automatic;
				CURRENT_PROJECT_VERSION = 1;
				GENERATE_INFOPLIST_FILE = YES;
				IPHONEOS_DEPLOYMENT_TARGET = 16.2;
				MARKETING_VERSION = 1.0;
				PRODUCT_BUNDLE_IDENTIFIER = ITI.Calculator2Tests;
				PRODUCT_NAME = "$(TARGET_NAME)";
				SWIFT_EMIT_LOC_STRINGS = NO;
				TARGETED_DEVICE_FAMILY = "1,2";
				TEST_HOST = "$(BUILT_PRODUCTS_DIR)/Calculator2.app/$(BUNDLE_EXECUTABLE_FOLDER_PATH)/Calculator2";
			};
			name = Release;
		};
		03B2766A169319CC001DA677 /* Debug */ = {
			isa = XCBuildConfiguration;
			buildSettings = {
				CODE_SIGN_STYLE = Automatic;
				CURRENT_PROJECT_VERSION = 1;
				GENERATE_INFOPLIST_FILE = YES;
				MARKETING_VERSION = 1.0;
				PRODUCT_BUNDLE_IDENTIFIER = ITI.Calculator2UITests;
				PRODUCT_NAME = "$(TARGET_NAME)";
				SWIFT_EMIT_LOC_STRINGS = NO;
				TARGETED_DEVICE_FAMILY = "1,2";
				TEST_TARGET_NAME = Calculator2;
			};
			name = Debug;
		};
		03B2766B169319CC001DA677 /* Release */ = {
			isa = XCBuildConfiguration;
			buildSettings = {
				CODE_SIGN_STYLE = Automatic;
				CURRENT_PROJECT_VERSION = 1;
				GENERATE_INFOPLIST_FILE = YES;
				MARKETING_VERSION = 1.0;
				PRODUCT_BUNDLE_IDENTIFIER = ITI.Calculator2UITests;
				PRODUCT_NAME = "$(TARGET_NAME)";
				SWIFT_EMIT_LOC_STRINGS = NO;
				TARGETED_DEVICE_FAMILY = "1,2";
				TEST_TARGET_NAME = Calculator2;
			};
			name = Release;
		};
/* End XCBuildConfiguration section */

/* Begin XCConfigurationList section */
		03B2762F169319C9001DA677 /* Build configuration list for PBXProject "Calculator2" */ = {
			isa = XCConfigurationList;
			buildConfigurations = (
				03B27661169319CC001DA677 /* Debug */,
				03B27662169319CC001DA677 /* Release */,
			);
			defaultConfigurationIsVisible = 0;
			defaultConfigurationName = Release;
		};
		03B27663169319CC001DA677 /* Build configuration list for PBXNativeTarget "Calculator2" */ = {
			isa = XCConfigurationList;
			buildConfigurations = (
				03B27664169319CC001DA677 /* Debug */,
				03B27665169319CC001DA677 /* Release */,
			);
			defaultConfigurationIsVisible = 0;
			defaultConfigurationName = Release;
		};
		03B27666169319CC001DA677 /* Build configuration list for PBXNativeTarget "Calculator2Tests" */ = {
			isa = XCConfigurationList;
			buildConfigurations = (
				03B27667169319CC001DA677 /* Debug */,
				03B27668169319CC001DA677 /* Release */,
			);
			defaultConfigurationIsVisible = 0;
			defaultConfigurationName = Release;
		};
		03B27669169319CC001DA677 /* Build configuration list for PBXNativeTarget "Calculator2UITests" */ = {
			isa = XCConfigurationList;
			buildConfigurations = (
				03B2766A169319CC001DA677 /* Debug */,
				03B2766B169319CC001DA677 /* Release */,
			);
			defaultConfigurationIsVisible = 0;
			defaultConfigurationName = Release;
		};
/* End XCConfigurationList section */
	};
	rootObject = 03B2762C169319C9001DA677 /* Project object */;
}
